
Microsoft Visual Studio Solution File, Format Version 12.00
# Visual Studio Version 17
VisualStudioVersion = 17.4.33213.308
MinimumVisualStudioVersion = 10.0.40219.1
Project("{FAE04EC0-301F-11D3-BF4B-00C04F79EFBC}") = "petShopFight", "petShopFight\petShopFight.csproj", "{7C4CE194-E169-4ABD-BB51-1DE6084ED99C}"
EndProject
Global
	GlobalSection(SolutionConfigurationPlatforms) = preSolution
		Debug|Any CPU = Debug|Any CPU
		Release|Any CPU = Release|Any CPU
	EndGlobalSection
	GlobalSection(ProjectConfigurationPlatforms) = postSolution
		{7C4CE194-E169-4ABD-BB51-1DE6084ED99C}.Debug|Any CPU.ActiveCfg = Debug|Any CPU
		{7C4CE194-E169-4ABD-BB51-1DE6084ED99C}.Debug|Any CPU.Build.0 = Debug|Any CPU
		{7C4CE194-E169-4ABD-BB51-1DE6084ED99C}.Release|Any CPU.ActiveCfg = Release|Any CPU
		{7C4CE194-E169-4ABD-BB51-1DE6084ED99C}.Release|Any CPU.Build.0 = Release|Any CPU
	EndGlobalSection
	GlobalSection(SolutionProperties) = preSolution
		HideSolutionNode = FALSE
	EndGlobalSection
	GlobalSection(ExtensibilityGlobals) = postSolution
		SolutionGuid = {D69404BA-78B2-488C-8C7A-AC766C82032B}
	EndGlobalSection
EndGlobal
